
Microsoft Visual Studio Solution File, Format Version 12.00
# Visual Studio Version 17
VisualStudioVersion = 17.2.32526.322
MinimumVisualStudioVersion = 10.0.40219.1
Project("{FAE04EC0-301F-11D3-BF4B-00C04F79EFBC}") = "LeaveManagementProject", "LeaveManagementProject.csproj", "{A6B150ED-81D2-4A50-A46E-F48C02F83EAF}"
EndProject
Global
	GlobalSection(SolutionConfigurationPlatforms) = preSolution
		Debug|Any CPU = Debug|Any CPU
		Release|Any CPU = Release|Any CPU
	EndGlobalSection
	GlobalSection(ProjectConfigurationPlatforms) = postSolution
		{A6B150ED-81D2-4A50-A46E-F48C02F83EAF}.Debug|Any CPU.ActiveCfg = Debug|Any CPU
		{A6B150ED-81D2-4A50-A46E-F48C02F83EAF}.Debug|Any CPU.Build.0 = Debug|Any CPU
		{A6B150ED-81D2-4A50-A46E-F48C02F83EAF}.Release|Any CPU.ActiveCfg = Release|Any CPU
		{A6B150ED-81D2-4A50-A46E-F48C02F83EAF}.Release|Any CPU.Build.0 = Release|Any CPU
	EndGlobalSection
	GlobalSection(SolutionProperties) = preSolution
		HideSolutionNode = FALSE
	EndGlobalSection
	GlobalSection(ExtensibilityGlobals) = postSolution
		SolutionGuid = {7AE73468-5FA5-4481-AADC-07E061D1B919}
	EndGlobalSection
EndGlobal
